
Microsoft Visual Studio Solution File, Format Version 12.00
# Visual Studio 15
VisualStudioVersion = 15.0.28307.757
MinimumVisualStudioVersion = 10.0.40219.1
Project("{FAE04EC0-301F-11D3-BF4B-00C04F79EFBC}") = "ShoppingCartVersion3", "ShoppingCartVersion3\ShoppingCartVersion3.csproj", "{FE67D6A3-7031-42EB-B46C-6079DACC3125}"
EndProject
Global
	GlobalSection(SolutionConfigurationPlatforms) = preSolution
		Debug|Any CPU = Debug|Any CPU
		Release|Any CPU = Release|Any CPU
	EndGlobalSection
	GlobalSection(ProjectConfigurationPlatforms) = postSolution
		{FE67D6A3-7031-42EB-B46C-6079DACC3125}.Debug|Any CPU.ActiveCfg = Debug|Any CPU
		{FE67D6A3-7031-42EB-B46C-6079DACC3125}.Debug|Any CPU.Build.0 = Debug|Any CPU
		{FE67D6A3-7031-42EB-B46C-6079DACC3125}.Release|Any CPU.ActiveCfg = Release|Any CPU
		{FE67D6A3-7031-42EB-B46C-6079DACC3125}.Release|Any CPU.Build.0 = Release|Any CPU
	EndGlobalSection
	GlobalSection(SolutionProperties) = preSolution
		HideSolutionNode = FALSE
	EndGlobalSection
	GlobalSection(ExtensibilityGlobals) = postSolution
		SolutionGuid = {021F2586-6BFD-43FB-AEB0-483B723A253D}
	EndGlobalSection
EndGlobal
